# This file is automatically @generated by Cargo.
# It is not intended for manual editing.
version = 3

[[package]]
name = "human-repr"
version = "1.1.0"
source = "registry+https://github.com/rust-lang/crates.io-index"
checksum = "f58b778a5761513caf593693f8951c97a5b610841e754788400f32102eefdff1"

[[package]]
name = "refine"
version = "0.3.0"
dependencies = [
 "human-repr",
]
