# This file is automatically @generated by Cargo.
# It is not intended for manual editing.
version = 3

[[package]]
name = "human-repr"
version = "0.3.0"
source = "registry+https://github.com/rust-lang/crates.io-index"
checksum = "e8b8713238fdf0fd54f5224d18db3f48750890d92474ef2dd3fe4f0b8c4a5b9f"

[[package]]
name = "refine"
version = "0.2.0"
dependencies = [
 "human-repr",
]
